
Microsoft Visual Studio Solution File, Format Version 12.00
# Visual Studio Version 17
VisualStudioVersion = 17.12.35209.166
MinimumVisualStudioVersion = 10.0.40219.1
Project("{FAE04EC0-301F-11D3-BF4B-00C04F79EFBC}") = "ContactsConsole-PresentationLayer", "ContactsConsole-PresentationLayer.csproj", "{99F98F52-CBCD-471C-99E8-8F4081900A93}"
EndProject
Project("{FAE04EC0-301F-11D3-BF4B-00C04F79EFBC}") = "ContactsBusinessLayer", "ContactsBusinessLayer.csproj", "{A59E63C8-F981-42C4-86C1-86924775E75F}"
EndProject
Project("{FAE04EC0-301F-11D3-BF4B-00C04F79EFBC}") = "ContactsDataAccessLayer", "ContactsDataAccessLayer.csproj", "{D53A71FA-3DAA-43EA-A07B-8969862E1384}"
EndProject
Global
	GlobalSection(SolutionConfigurationPlatforms) = preSolution
		Debug|Any CPU = Debug|Any CPU
		Release|Any CPU = Release|Any CPU
	EndGlobalSection
	GlobalSection(ProjectConfigurationPlatforms) = postSolution
		{99F98F52-CBCD-471C-99E8-8F4081900A93}.Debug|Any CPU.ActiveCfg = Debug|Any CPU
		{99F98F52-CBCD-471C-99E8-8F4081900A93}.Debug|Any CPU.Build.0 = Debug|Any CPU
		{99F98F52-CBCD-471C-99E8-8F4081900A93}.Release|Any CPU.ActiveCfg = Release|Any CPU
		{99F98F52-CBCD-471C-99E8-8F4081900A93}.Release|Any CPU.Build.0 = Release|Any CPU
		{A59E63C8-F981-42C4-86C1-86924775E75F}.Debug|Any CPU.ActiveCfg = Debug|Any CPU
		{A59E63C8-F981-42C4-86C1-86924775E75F}.Debug|Any CPU.Build.0 = Debug|Any CPU
		{A59E63C8-F981-42C4-86C1-86924775E75F}.Release|Any CPU.ActiveCfg = Release|Any CPU
		{A59E63C8-F981-42C4-86C1-86924775E75F}.Release|Any CPU.Build.0 = Release|Any CPU
		{D53A71FA-3DAA-43EA-A07B-8969862E1384}.Debug|Any CPU.ActiveCfg = Debug|Any CPU
		{D53A71FA-3DAA-43EA-A07B-8969862E1384}.Debug|Any CPU.Build.0 = Debug|Any CPU
		{D53A71FA-3DAA-43EA-A07B-8969862E1384}.Release|Any CPU.ActiveCfg = Release|Any CPU
		{D53A71FA-3DAA-43EA-A07B-8969862E1384}.Release|Any CPU.Build.0 = Release|Any CPU
	EndGlobalSection
	GlobalSection(SolutionProperties) = preSolution
		HideSolutionNode = FALSE
	EndGlobalSection
	GlobalSection(ExtensibilityGlobals) = postSolution
		SolutionGuid = {C43DC95B-B760-43F8-AFF7-F7371BB67E20}
	EndGlobalSection
EndGlobal
